
Microsoft Visual Studio Solution File, Format Version 12.00
# Visual Studio Version 17
VisualStudioVersion = 17.3.32825.248
MinimumVisualStudioVersion = 10.0.40219.1
Project("{FAE04EC0-301F-11D3-BF4B-00C04F79EFBC}") = "WebAPITokenAuth2", "WebAPITokenAuth2\WebAPITokenAuth2.csproj", "{EE367C0A-D658-4723-95F2-24606DBBE228}"
EndProject
Global
	GlobalSection(SolutionConfigurationPlatforms) = preSolution
		Debug|Any CPU = Debug|Any CPU
		Release|Any CPU = Release|Any CPU
	EndGlobalSection
	GlobalSection(ProjectConfigurationPlatforms) = postSolution
		{EE367C0A-D658-4723-95F2-24606DBBE228}.Debug|Any CPU.ActiveCfg = Debug|Any CPU
		{EE367C0A-D658-4723-95F2-24606DBBE228}.Debug|Any CPU.Build.0 = Debug|Any CPU
		{EE367C0A-D658-4723-95F2-24606DBBE228}.Release|Any CPU.ActiveCfg = Release|Any CPU
		{EE367C0A-D658-4723-95F2-24606DBBE228}.Release|Any CPU.Build.0 = Release|Any CPU
	EndGlobalSection
	GlobalSection(SolutionProperties) = preSolution
		HideSolutionNode = FALSE
	EndGlobalSection
	GlobalSection(ExtensibilityGlobals) = postSolution
		SolutionGuid = {28191B32-5E61-4602-A728-64234E5150A2}
	EndGlobalSection
EndGlobal
